
Microsoft Visual Studio Solution File, Format Version 12.00
# Visual Studio Version 16
VisualStudioVersion = 16.0.31729.503
MinimumVisualStudioVersion = 10.0.40219.1
Project("{FAE04EC0-301F-11D3-BF4B-00C04F79EFBC}") = "PuzzleServer", "PuzzleServer\PuzzleServer.csproj", "{B93AA470-98F2-47CB-B5BF-ABF0363495EC}"
EndProject
Global
	GlobalSection(SolutionConfigurationPlatforms) = preSolution
		Debug|Any CPU = Debug|Any CPU
		Release|Any CPU = Release|Any CPU
	EndGlobalSection
	GlobalSection(ProjectConfigurationPlatforms) = postSolution
		{B93AA470-98F2-47CB-B5BF-ABF0363495EC}.Debug|Any CPU.ActiveCfg = Debug|Any CPU
		{B93AA470-98F2-47CB-B5BF-ABF0363495EC}.Debug|Any CPU.Build.0 = Debug|Any CPU
		{B93AA470-98F2-47CB-B5BF-ABF0363495EC}.Release|Any CPU.ActiveCfg = Release|Any CPU
		{B93AA470-98F2-47CB-B5BF-ABF0363495EC}.Release|Any CPU.Build.0 = Release|Any CPU
	EndGlobalSection
	GlobalSection(SolutionProperties) = preSolution
		HideSolutionNode = FALSE
	EndGlobalSection
	GlobalSection(ExtensibilityGlobals) = postSolution
		SolutionGuid = {A061058C-3D8B-4124-935D-5F58B35996DB}
	EndGlobalSection
EndGlobal
